
Microsoft Visual Studio Solution File, Format Version 11.00
# Visual Studio 2010
Project("{FAE04EC0-301F-11D3-BF4B-00C04F79EFBC}") = "Culminating assets", "Assembly-CSharp.csproj", "{5F1A72A4-88BF-A64E-99B3-B500B91CE676}"
EndProject
Project("{FAE04EC0-301F-11D3-BF4B-00C04F79EFBC}") = "Culminating assets", "Assembly-CSharp-Editor.csproj", "{B145CE49-8B4C-B896-16E5-2FCEDD59AE26}"
EndProject
Global
	GlobalSection(SolutionConfigurationPlatforms) = preSolution
		Debug|Any CPU = Debug|Any CPU
		Release|Any CPU = Release|Any CPU
	EndGlobalSection
	GlobalSection(ProjectConfigurationPlatforms) = postSolution
		{5F1A72A4-88BF-A64E-99B3-B500B91CE676}.Debug|Any CPU.ActiveCfg = Debug|Any CPU
		{5F1A72A4-88BF-A64E-99B3-B500B91CE676}.Debug|Any CPU.Build.0 = Debug|Any CPU
		{5F1A72A4-88BF-A64E-99B3-B500B91CE676}.Release|Any CPU.ActiveCfg = Release|Any CPU
		{5F1A72A4-88BF-A64E-99B3-B500B91CE676}.Release|Any CPU.Build.0 = Release|Any CPU
		{B145CE49-8B4C-B896-16E5-2FCEDD59AE26}.Debug|Any CPU.ActiveCfg = Debug|Any CPU
		{B145CE49-8B4C-B896-16E5-2FCEDD59AE26}.Debug|Any CPU.Build.0 = Debug|Any CPU
		{B145CE49-8B4C-B896-16E5-2FCEDD59AE26}.Release|Any CPU.ActiveCfg = Release|Any CPU
		{B145CE49-8B4C-B896-16E5-2FCEDD59AE26}.Release|Any CPU.Build.0 = Release|Any CPU
	EndGlobalSection
	GlobalSection(SolutionProperties) = preSolution
		HideSolutionNode = FALSE
	EndGlobalSection
	GlobalSection(MonoDevelopProperties) = preSolution
		StartupItem = Assembly-CSharp.csproj
	EndGlobalSection
EndGlobal
